
Microsoft Visual Studio Solution File, Format Version 12.00
# Visual Studio Version 17
VisualStudioVersion = 17.14.36310.24 d17.14
MinimumVisualStudioVersion = 10.0.40219.1
Project("{FAE04EC0-301F-11D3-BF4B-00C04F79EFBC}") = "TaskRoute", "TaskRoute\TaskRoute.csproj", "{AF08DD02-01A3-4DE4-B303-111E295F9309}"
EndProject
Project("{FAE04EC0-301F-11D3-BF4B-00C04F79EFBC}") = "BusinessLogicLayer.SI", "..\System\BusinessLogicLayer.SI\BusinessLogicLayer.SI.csproj", "{1B952E0D-F864-3713-93BE-11FD5769CB88}"
EndProject
Project("{FAE04EC0-301F-11D3-BF4B-00C04F79EFBC}") = "DataAccessLayer", "..\System\DataAccessLayer\DataAccessLayer.csproj", "{F8B034DC-5EBB-7413-8356-4E5905093E01}"
EndProject
Global
	GlobalSection(SolutionConfigurationPlatforms) = preSolution
		Debug|Any CPU = Debug|Any CPU
		Release|Any CPU = Release|Any CPU
	EndGlobalSection
	GlobalSection(ProjectConfigurationPlatforms) = postSolution
		{AF08DD02-01A3-4DE4-B303-111E295F9309}.Debug|Any CPU.ActiveCfg = Debug|Any CPU
		{AF08DD02-01A3-4DE4-B303-111E295F9309}.Debug|Any CPU.Build.0 = Debug|Any CPU
		{AF08DD02-01A3-4DE4-B303-111E295F9309}.Release|Any CPU.ActiveCfg = Release|Any CPU
		{AF08DD02-01A3-4DE4-B303-111E295F9309}.Release|Any CPU.Build.0 = Release|Any CPU
		{1B952E0D-F864-3713-93BE-11FD5769CB88}.Debug|Any CPU.ActiveCfg = Debug|Any CPU
		{1B952E0D-F864-3713-93BE-11FD5769CB88}.Debug|Any CPU.Build.0 = Debug|Any CPU
		{1B952E0D-F864-3713-93BE-11FD5769CB88}.Release|Any CPU.ActiveCfg = Release|Any CPU
		{1B952E0D-F864-3713-93BE-11FD5769CB88}.Release|Any CPU.Build.0 = Release|Any CPU
		{F8B034DC-5EBB-7413-8356-4E5905093E01}.Debug|Any CPU.ActiveCfg = Debug|Any CPU
		{F8B034DC-5EBB-7413-8356-4E5905093E01}.Debug|Any CPU.Build.0 = Debug|Any CPU
		{F8B034DC-5EBB-7413-8356-4E5905093E01}.Release|Any CPU.ActiveCfg = Release|Any CPU
		{F8B034DC-5EBB-7413-8356-4E5905093E01}.Release|Any CPU.Build.0 = Release|Any CPU
	EndGlobalSection
	GlobalSection(SolutionProperties) = preSolution
		HideSolutionNode = FALSE
	EndGlobalSection
	GlobalSection(ExtensibilityGlobals) = postSolution
		SolutionGuid = {11E5667B-418E-40B1-B24C-15463C8EB8D2}
	EndGlobalSection
EndGlobal
